// !$*UTF8*$!
{
	archiveVersion = 1;
	classes = {
	};
	objectVersion = 50;
	objects = {

/* Begin PBXBuildFile section */
		52C8FB5F24010F3700C08A5F /* AppDelegate.swift in Sources */ = {isa = PBXBuildFile; fileRef = 52C8FB5E24010F3700C08A5F /* AppDelegate.swift */; };
		52C8FB6124010F3700C08A5F /* SceneDelegate.swift in Sources */ = {isa = PBXBuildFile; fileRef = 52C8FB6024010F3700C08A5F /* SceneDelegate.swift */; };
		52C8FB6324010F3700C08A5F /* ViewController.swift in Sources */ = {isa = PBXBuildFile; fileRef = 52C8FB6224010F3700C08A5F /* ViewController.swift */; };
		52C8FB6624010F3700C08A5F /* Main.storyboard in Resources */ = {isa = PBXBuildFile; fileRef = 52C8FB6424010F3700C08A5F /* Main.storyboard */; };
		52C8FB6824010F3A00C08A5F /* Assets.xcassets in Resources */ = {isa = PBXBuildFile; fileRef = 52C8FB6724010F3A00C08A5F /* Assets.xcassets */; };
		52C8FB6B24010F3A00C08A5F /* LaunchScreen.storyboard in Resources */ = {isa = PBXBuildFile; fileRef = 52C8FB6924010F3A00C08A5F /* LaunchScreen.storyboard */; };
		52C8FB742401185700C08A5F /* Helper.swift in Sources */ = {isa = PBXBuildFile; fileRef = 52C8FB732401185700C08A5F /* Helper.swift */; };
		52C8FB7524011BEB00C08A5F /* model.json in Resources */ = {isa = PBXBuildFile; fileRef = 52C8FB72240117CD00C08A5F /* model.json */; };
		52C8FB782401222100C08A5F /* ButtonAnimaViewController.swift in Sources */ = {isa = PBXBuildFile; fileRef = 52C8FB772401222100C08A5F /* ButtonAnimaViewController.swift */; };
/* End PBXBuildFile section */

/* Begin PBXFileReference section */
		52C8FB5B24010F3700C08A5F /* UIComplete.app */ = {isa = PBXFileReference; explicitFileType = wrapper.application; includeInIndex = 0; path = UIComplete.app; sourceTree = BUILT_PRODUCTS_DIR; };
		52C8FB5E24010F3700C08A5F /* AppDelegate.swift */ = {isa = PBXFileReference; lastKnownFileType = sourcecode.swift; path = AppDelegate.swift; sourceTree = "<group>"; };
		52C8FB6024010F3700C08A5F /* SceneDelegate.swift */ = {isa = PBXFileReference; lastKnownFileType = sourcecode.swift; path = SceneDelegate.swift; sourceTree = "<group>"; };
		52C8FB6224010F3700C08A5F /* ViewController.swift */ = {isa = PBXFileReference; lastKnownFileType = sourcecode.swift; path = ViewController.swift; sourceTree = "<group>"; };
		52C8FB6524010F3700C08A5F /* Base */ = {isa = PBXFileReference; lastKnownFileType = file.storyboard; name = Base; path = Base.lproj/Main.storyboard; sourceTree = "<group>"; };
		52C8FB6724010F3A00C08A5F /* Assets.xcassets */ = {isa = PBXFileReference; lastKnownFileType = folder.assetcatalog; path = Assets.xcassets; sourceTree = "<group>"; };
		52C8FB6A24010F3A00C08A5F /* Base */ = {isa = PBXFileReference; lastKnownFileType = file.storyboard; name = Base; path = Base.lproj/LaunchScreen.storyboard; sourceTree = "<group>"; };
		52C8FB6C24010F3A00C08A5F /* Info.plist */ = {isa = PBXFileReference; lastKnownFileType = text.plist.xml; path = Info.plist; sourceTree = "<group>"; };
		52C8FB72240117CD00C08A5F /* model.json */ = {isa = PBXFileReference; lastKnownFileType = text.json; path = model.json; sourceTree = "<group>"; };
		52C8FB732401185700C08A5F /* Helper.swift */ = {isa = PBXFileReference; lastKnownFileType = sourcecode.swift; path = Helper.swift; sourceTree = "<group>"; };
		52C8FB772401222100C08A5F /* ButtonAnimaViewController.swift */ = {isa = PBXFileReference; lastKnownFileType = sourcecode.swift; path = ButtonAnimaViewController.swift; sourceTree = "<group>"; };
/* End PBXFileReference section */

/* Begin PBXFrameworksBuildPhase section */
		52C8FB5824010F3700C08A5F /* Frameworks */ = {
			isa = PBXFrameworksBuildPhase;
			buildActionMask = 2147483647;
			files = (
			);
			runOnlyForDeploymentPostprocessing = 0;
		};
/* End PBXFrameworksBuildPhase section */

/* Begin PBXGroup section */
		52C8FB5224010F3700C08A5F = {
			isa = PBXGroup;
			children = (
				52C8FB732401185700C08A5F /* Helper.swift */,
				52C8FB72240117CD00C08A5F /* model.json */,
				52C8FB5D24010F3700C08A5F /* UIComplete */,
				52C8FB5C24010F3700C08A5F /* Products */,
			);
			sourceTree = "<group>";
		};
		52C8FB5C24010F3700C08A5F /* Products */ = {
			isa = PBXGroup;
			children = (
				52C8FB5B24010F3700C08A5F /* UIComplete.app */,
			);
			name = Products;
			sourceTree = "<group>";
		};
		52C8FB5D24010F3700C08A5F /* UIComplete */ = {
			isa = PBXGroup;
			children = (
				52C8FB76240121EF00C08A5F /* Animation */,
				52C8FB5E24010F3700C08A5F /* AppDelegate.swift */,
				52C8FB6024010F3700C08A5F /* SceneDelegate.swift */,
				52C8FB6224010F3700C08A5F /* ViewController.swift */,
				52C8FB6424010F3700C08A5F /* Main.storyboard */,
				52C8FB6724010F3A00C08A5F /* Assets.xcassets */,
				52C8FB6924010F3A00C08A5F /* LaunchScreen.storyboard */,
				52C8FB6C24010F3A00C08A5F /* Info.plist */,
			);
			path = UIComplete;
			sourceTree = "<group>";
		};
		52C8FB76240121EF00C08A5F /* Animation */ = {
			isa = PBXGroup;
			children = (
				52C8FB772401222100C08A5F /* ButtonAnimaViewController.swift */,
			);
			path = Animation;
			sourceTree = "<group>";
		};
/* End PBXGroup section */

/* Begin PBXNativeTarget section */
		52C8FB5A24010F3700C08A5F /* UIComplete */ = {
			isa = PBXNativeTarget;
			buildConfigurationList = 52C8FB6F24010F3A00C08A5F /* Build configuration list for PBXNativeTarget "UIComplete" */;
			buildPhases = (
				52C8FB5724010F3700C08A5F /* Sources */,
				52C8FB5824010F3700C08A5F /* Frameworks */,
				52C8FB5924010F3700C08A5F /* Resources */,
			);
			buildRules = (
			);
			dependencies = (
			);
			name = UIComplete;
			productName = UIComplete;
			productReference = 52C8FB5B24010F3700C08A5F /* UIComplete.app */;
			productType = "com.apple.product-type.application";
		};
/* End PBXNativeTarget section */

/* Begin PBXProject section */
		52C8FB5324010F3700C08A5F /* Project object */ = {
			isa = PBXProject;
			attributes = {
				LastSwiftUpdateCheck = 1130;
				LastUpgradeCheck = 1130;
				ORGANIZATIONNAME = waing;
				TargetAttributes = {
					52C8FB5A24010F3700C08A5F = {
						CreatedOnToolsVersion = 11.3.1;
					};
				};
			};
			buildConfigurationList = 52C8FB5624010F3700C08A5F /* Build configuration list for PBXProject "UIComplete" */;
			compatibilityVersion = "Xcode 9.3";
			developmentRegion = en;
			hasScannedForEncodings = 0;
			knownRegions = (
				en,
				Base,
			);
			mainGroup = 52C8FB5224010F3700C08A5F;
			productRefGroup = 52C8FB5C24010F3700C08A5F /* Products */;
			projectDirPath = "";
			projectRoot = "";
			targets = (
				52C8FB5A24010F3700C08A5F /* UIComplete */,
			);
		};
/* End PBXProject section */

/* Begin PBXResourcesBuildPhase section */
		52C8FB5924010F3700C08A5F /* Resources */ = {
			isa = PBXResourcesBuildPhase;
			buildActionMask = 2147483647;
			files = (
				52C8FB7524011BEB00C08A5F /* model.json in Resources */,
				52C8FB6B24010F3A00C08A5F /* LaunchScreen.storyboard in Resources */,
				52C8FB6824010F3A00C08A5F /* Assets.xcassets in Resources */,
				52C8FB6624010F3700C08A5F /* Main.storyboard in Resources */,
			);
			runOnlyForDeploymentPostprocessing = 0;
		};
/* End PBXResourcesBuildPhase section */

/* Begin PBXSourcesBuildPhase section */
		52C8FB5724010F3700C08A5F /* Sources */ = {
			isa = PBXSourcesBuildPhase;
			buildActionMask = 2147483647;
			files = (
				52C8FB6324010F3700C08A5F /* ViewController.swift in Sources */,
				52C8FB5F24010F3700C08A5F /* AppDelegate.swift in Sources */,
				52C8FB6124010F3700C08A5F /* SceneDelegate.swift in Sources */,
				52C8FB742401185700C08A5F /* Helper.swift in Sources */,
				52C8FB782401222100C08A5F /* ButtonAnimaViewController.swift in Sources */,
			);
			runOnlyForDeploymentPostprocessing = 0;
		};
/* End PBXSourcesBuildPhase section */

/* Begin PBXVariantGroup section */
		52C8FB6424010F3700C08A5F /* Main.storyboard */ = {
			isa = PBXVariantGroup;
			children = (
				52C8FB6524010F3700C08A5F /* Base */,
			);
			name = Main.storyboard;
			sourceTree = "<group>";
		};
		52C8FB6924010F3A00C08A5F /* LaunchScreen.storyboard */ = {
			isa = PBXVariantGroup;
			children = (
				52C8FB6A24010F3A00C08A5F /* Base */,
			);
			name = LaunchScreen.storyboard;
			sourceTree = "<group>";
		};
/* End PBXVariantGroup section */

/* Begin XCBuildConfiguration section */
		52C8FB6D24010F3A00C08A5F /* Debug */ = {
			isa = XCBuildConfiguration;
			buildSettings = {
				ALWAYS_SEARCH_USER_PATHS = NO;
				CLANG_ANALYZER_NONNULL = YES;
				CLANG_ANALYZER_NUMBER_OBJECT_CONVERSION = YES_AGGRESSIVE;
				CLANG_CXX_LANGUAGE_STANDARD = "gnu++14";
				CLANG_CXX_LIBRARY = "libc++";
				CLANG_ENABLE_MODULES = YES;
				CLANG_ENABLE_OBJC_ARC = YES;
				CLANG_ENABLE_OBJC_WEAK = YES;
				CLANG_WARN_BLOCK_CAPTURE_AUTORELEASING = YES;
				CLANG_WARN_BOOL_CONVERSION = YES;
				CLANG_WARN_COMMA = YES;
				CLANG_WARN_CONSTANT_CONVERSION = YES;
				CLANG_WARN_DEPRECATED_OBJC_IMPLEMENTATIONS = YES;
				CLANG_WARN_DIRECT_OBJC_ISA_USAGE = YES_ERROR;
				CLANG_WARN_DOCUMENTATION_COMMENTS = YES;
				CLANG_WARN_EMPTY_BODY = YES;
				CLANG_WARN_ENUM_CONVERSION = YES;
				CLANG_WARN_INFINITE_RECURSION = YES;
				CLANG_WARN_INT_CONVERSION = YES;
				CLANG_WARN_NON_LITERAL_NULL_CONVERSION = YES;
				CLANG_WARN_OBJC_IMPLICIT_RETAIN_SELF = YES;
				CLANG_WARN_OBJC_LITERAL_CONVERSION = YES;
				CLANG_WARN_OBJC_ROOT_CLASS = YES_ERROR;
				CLANG_WARN_RANGE_LOOP_ANALYSIS = YES;
				CLANG_WARN_STRICT_PROTOTYPES = YES;
				CLANG_WARN_SUSPICIOUS_MOVE = YES;
				CLANG_WARN_UNGUARDED_AVAILABILITY = YES_AGGRESSIVE;
				CLANG_WARN_UNREACHABLE_CODE = YES;
				CLANG_WARN__DUPLICATE_METHOD_MATCH = YES;
				COPY_PHASE_STRIP = NO;
				DEBUG_INFORMATION_FORMAT = dwarf;
				ENABLE_STRICT_OBJC_MSGSEND = YES;
				ENABLE_TESTABILITY = YES;
				GCC_C_LANGUAGE_STANDARD = gnu11;
				GCC_DYNAMIC_NO_PIC = NO;
				GCC_NO_COMMON_BLOCKS = YES;
				GCC_OPTIMIZATION_LEVEL = 0;
				GCC_PREPROCESSOR_DEFINITIONS = (
					"DEBUG=1",
					"$(inherited)",
				);
				GCC_WARN_64_TO_32_BIT_CONVERSION = YES;
				GCC_WARN_ABOUT_RETURN_TYPE = YES_ERROR;
				GCC_WARN_UNDECLARED_SELECTOR = YES;
				GCC_WARN_UNINITIALIZED_AUTOS = YES_AGGRESSIVE;
				GCC_WARN_UNUSED_FUNCTION = YES;
				GCC_WARN_UNUSED_VARIABLE = YES;
				IPHONEOS_DEPLOYMENT_TARGET = 13.2;
				MTL_ENABLE_DEBUG_INFO = INCLUDE_SOURCE;
				MTL_FAST_MATH = YES;
				ONLY_ACTIVE_ARCH = YES;
				SDKROOT = iphoneos;
				SWIFT_ACTIVE_COMPILATION_CONDITIONS = DEBUG;
				SWIFT_OPTIMIZATION_LEVEL = "-Onone";
			};
			name = Debug;
		};
		52C8FB6E24010F3A00C08A5F /* Release */ = {
			isa = XCBuildConfiguration;
			buildSettings = {
				ALWAYS_SEARCH_USER_PATHS = NO;
				CLANG_ANALYZER_NONNULL = YES;
				CLANG_ANALYZER_NUMBER_OBJECT_CONVERSION = YES_AGGRESSIVE;
				CLANG_CXX_LANGUAGE_STANDARD = "gnu++14";
				CLANG_CXX_LIBRARY = "libc++";
				CLANG_ENABLE_MODULES = YES;
				CLANG_ENABLE_OBJC_ARC = YES;
				CLANG_ENABLE_OBJC_WEAK = YES;
				CLANG_WARN_BLOCK_CAPTURE_AUTORELEASING = YES;
				CLANG_WARN_BOOL_CONVERSION = YES;
				CLANG_WARN_COMMA = YES;
				CLANG_WARN_CONSTANT_CONVERSION = YES;
				CLANG_WARN_DEPRECATED_OBJC_IMPLEMENTATIONS = YES;
				CLANG_WARN_DIRECT_OBJC_ISA_USAGE = YES_ERROR;
				CLANG_WARN_DOCUMENTATION_COMMENTS = YES;
				CLANG_WARN_EMPTY_BODY = YES;
				CLANG_WARN_ENUM_CONVERSION = YES;
				CLANG_WARN_INFINITE_RECURSION = YES;
				CLANG_WARN_INT_CONVERSION = YES;
				CLANG_WARN_NON_LITERAL_NULL_CONVERSION = YES;
				CLANG_WARN_OBJC_IMPLICIT_RETAIN_SELF = YES;
				CLANG_WARN_OBJC_LITERAL_CONVERSION = YES;
				CLANG_WARN_OBJC_ROOT_CLASS = YES_ERROR;
				CLANG_WARN_RANGE_LOOP_ANALYSIS = YES;
				CLANG_WARN_STRICT_PROTOTYPES = YES;
				CLANG_WARN_SUSPICIOUS_MOVE = YES;
				CLANG_WARN_UNGUARDED_AVAILABILITY = YES_AGGRESSIVE;
				CLANG_WARN_UNREACHABLE_CODE = YES;
				CLANG_WARN__DUPLICATE_METHOD_MATCH = YES;
				COPY_PHASE_STRIP = NO;
				DEBUG_INFORMATION_FORMAT = "dwarf-with-dsym";
				ENABLE_NS_ASSERTIONS = NO;
				ENABLE_STRICT_OBJC_MSGSEND = YES;
				GCC_C_LANGUAGE_STANDARD = gnu11;
				GCC_NO_COMMON_BLOCKS = YES;
				GCC_WARN_64_TO_32_BIT_CONVERSION = YES;
				GCC_WARN_ABOUT_RETURN_TYPE = YES_ERROR;
				GCC_WARN_UNDECLARED_SELECTOR = YES;
				GCC_WARN_UNINITIALIZED_AUTOS = YES_AGGRESSIVE;
				GCC_WARN_UNUSED_FUNCTION = YES;
				GCC_WARN_UNUSED_VARIABLE = YES;
				IPHONEOS_DEPLOYMENT_TARGET = 13.2;
				MTL_ENABLE_DEBUG_INFO = NO;
				MTL_FAST_MATH = YES;
				SDKROOT = iphoneos;
				SWIFT_COMPILATION_MODE = wholemodule;
				SWIFT_OPTIMIZATION_LEVEL = "-O";
				VALIDATE_PRODUCT = YES;
			};
			name = Release;
		};
		52C8FB7024010F3A00C08A5F /* Debug */ = {
			isa = XCBuildConfiguration;
			buildSettings = {
				ASSETCATALOG_COMPILER_APPICON_NAME = AppIcon;
				CODE_SIGN_STYLE = Automatic;
				INFOPLIST_FILE = UIComplete/Info.plist;
				LD_RUNPATH_SEARCH_PATHS = (
					"$(inherited)",
					"@executable_path/Frameworks",
				);
				PRODUCT_BUNDLE_IDENTIFIER = com.waing.UIComplete;
				PRODUCT_NAME = "$(TARGET_NAME)";
				SWIFT_VERSION = 5.0;
				TARGETED_DEVICE_FAMILY = "1,2";
			};
			name = Debug;
		};
		52C8FB7124010F3A00C08A5F /* Release */ = {
			isa = XCBuildConfiguration;
			buildSettings = {
				ASSETCATALOG_COMPILER_APPICON_NAME = AppIcon;
				CODE_SIGN_STYLE = Automatic;
				INFOPLIST_FILE = UIComplete/Info.plist;
				LD_RUNPATH_SEARCH_PATHS = (
					"$(inherited)",
					"@executable_path/Frameworks",
				);
				PRODUCT_BUNDLE_IDENTIFIER = com.waing.UIComplete;
				PRODUCT_NAME = "$(TARGET_NAME)";
				SWIFT_VERSION = 5.0;
				TARGETED_DEVICE_FAMILY = "1,2";
			};
			name = Release;
		};
/* End XCBuildConfiguration section */

/* Begin XCConfigurationList section */
		52C8FB5624010F3700C08A5F /* Build configuration list for PBXProject "UIComplete" */ = {
			isa = XCConfigurationList;
			buildConfigurations = (
				52C8FB6D24010F3A00C08A5F /* Debug */,
				52C8FB6E24010F3A00C08A5F /* Release */,
			);
			defaultConfigurationIsVisible = 0;
			defaultConfigurationName = Release;
		};
		52C8FB6F24010F3A00C08A5F /* Build configuration list for PBXNativeTarget "UIComplete" */ = {
			isa = XCConfigurationList;
			buildConfigurations = (
				52C8FB7024010F3A00C08A5F /* Debug */,
				52C8FB7124010F3A00C08A5F /* Release */,
			);
			defaultConfigurationIsVisible = 0;
			defaultConfigurationName = Release;
		};
/* End XCConfigurationList section */
	};
	rootObject = 52C8FB5324010F3700C08A5F /* Project object */;
}
